
Microsoft Visual Studio Solution File, Format Version 12.00
# Visual Studio Version 17
VisualStudioVersion = 17.4.33213.308
MinimumVisualStudioVersion = 10.0.40219.1
Project("{FAE04EC0-301F-11D3-BF4B-00C04F79EFBC}") = "прога", "прога\прога.csproj", "{58BA74B4-C285-4590-9BC2-A0BF63EC9817}"
EndProject
Global
	GlobalSection(SolutionConfigurationPlatforms) = preSolution
		Debug|Any CPU = Debug|Any CPU
		Release|Any CPU = Release|Any CPU
	EndGlobalSection
	GlobalSection(ProjectConfigurationPlatforms) = postSolution
		{58BA74B4-C285-4590-9BC2-A0BF63EC9817}.Debug|Any CPU.ActiveCfg = Debug|Any CPU
		{58BA74B4-C285-4590-9BC2-A0BF63EC9817}.Debug|Any CPU.Build.0 = Debug|Any CPU
		{58BA74B4-C285-4590-9BC2-A0BF63EC9817}.Release|Any CPU.ActiveCfg = Release|Any CPU
		{58BA74B4-C285-4590-9BC2-A0BF63EC9817}.Release|Any CPU.Build.0 = Release|Any CPU
	EndGlobalSection
	GlobalSection(SolutionProperties) = preSolution
		HideSolutionNode = FALSE
	EndGlobalSection
	GlobalSection(ExtensibilityGlobals) = postSolution
		SolutionGuid = {C78989D8-59FB-40BE-9A3F-6312DC7E8267}
	EndGlobalSection
EndGlobal
